
Microsoft Visual Studio Solution File, Format Version 12.00
# Visual Studio Version 16
VisualStudioVersion = 16.0.30503.244
MinimumVisualStudioVersion = 10.0.40219.1
Project("{9A19103F-16F7-4668-BE54-9A1E7A4F7556}") = "NET.Processor.Core", "NET.Processor.Services\NET.Processor.Core.csproj", "{7AB6EE06-C761-46A9-99EC-0F2F5CA4B994}"
EndProject
Project("{9A19103F-16F7-4668-BE54-9A1E7A4F7556}") = "NET.Processor.API", "NET.Processor.API\NET.Processor.API.csproj", "{DD5E4AED-D2D0-4A41-9297-6412B8389E73}"
EndProject
Global
	GlobalSection(SolutionConfigurationPlatforms) = preSolution
		Debug|Any CPU = Debug|Any CPU
		Release|Any CPU = Release|Any CPU
	EndGlobalSection
	GlobalSection(ProjectConfigurationPlatforms) = postSolution
		{7AB6EE06-C761-46A9-99EC-0F2F5CA4B994}.Debug|Any CPU.ActiveCfg = Debug|Any CPU
		{7AB6EE06-C761-46A9-99EC-0F2F5CA4B994}.Debug|Any CPU.Build.0 = Debug|Any CPU
		{7AB6EE06-C761-46A9-99EC-0F2F5CA4B994}.Release|Any CPU.ActiveCfg = Release|Any CPU
		{7AB6EE06-C761-46A9-99EC-0F2F5CA4B994}.Release|Any CPU.Build.0 = Release|Any CPU
		{DD5E4AED-D2D0-4A41-9297-6412B8389E73}.Debug|Any CPU.ActiveCfg = Debug|Any CPU
		{DD5E4AED-D2D0-4A41-9297-6412B8389E73}.Debug|Any CPU.Build.0 = Debug|Any CPU
		{DD5E4AED-D2D0-4A41-9297-6412B8389E73}.Release|Any CPU.ActiveCfg = Release|Any CPU
		{DD5E4AED-D2D0-4A41-9297-6412B8389E73}.Release|Any CPU.Build.0 = Release|Any CPU
	EndGlobalSection
	GlobalSection(SolutionProperties) = preSolution
		HideSolutionNode = FALSE
	EndGlobalSection
	GlobalSection(ExtensibilityGlobals) = postSolution
		SolutionGuid = {CE06F54F-A0A0-4628-AEB4-F756475365D8}
	EndGlobalSection
EndGlobal
